{
  "originHash" : "08d31d385d95b89bc6a315ac2f64f83b26bb0dc63aa9e3cc6992dba35833c7fb",
  "pins" : [
    {
      "identity" : "wire",
      "kind" : "remoteSourceControl",
      "location" : "https://github.com/square/wire",
      "state" : {
        "revision" : "f0972bb728ffe2d92b376e501e4297a3c33111e2",
        "version" : "4.9.3"
      }
    }
  ],
  "version" : 3
}
