// !$*UTF8*$!
{
	archiveVersion = 1;
	classes = {
	};
	objectVersion = 54;
	objects = {

/* Begin PBXBuildFile section */
		3B964A28A7DE8D9AC7E754AD /* Pods_Trifle_macOS_Dummy.framework in Frameworks */ = {isa = PBXBuildFile; fileRef = B9892766F650E70A1D9BC557 /* Pods_Trifle_macOS_Dummy.framework */; };
		607FACD61AFB9204008FA782 /* AppDelegate.swift in Sources */ = {isa = PBXBuildFile; fileRef = 607FACD51AFB9204008FA782 /* AppDelegate.swift */; };
		607FACD81AFB9204008FA782 /* ViewController.swift in Sources */ = {isa = PBXBuildFile; fileRef = 607FACD71AFB9204008FA782 /* ViewController.swift */; };
		607FACDB1AFB9204008FA782 /* Main.storyboard in Resources */ = {isa = PBXBuildFile; fileRef = 607FACD91AFB9204008FA782 /* Main.storyboard */; };
		607FACDD1AFB9204008FA782 /* Images.xcassets in Resources */ = {isa = PBXBuildFile; fileRef = 607FACDC1AFB9204008FA782 /* Images.xcassets */; };
		607FACE01AFB9204008FA782 /* LaunchScreen.xib in Resources */ = {isa = PBXBuildFile; fileRef = 607FACDE1AFB9204008FA782 /* LaunchScreen.xib */; };
		7218700A29B7A2EF001CC552 /* TrifleTests.swift in Sources */ = {isa = PBXBuildFile; fileRef = 7218700929B7A2EF001CC552 /* TrifleTests.swift */; };
		721DB4232A1547AC007D0CD7 /* CertificateTests.swift in Sources */ = {isa = PBXBuildFile; fileRef = 721DB4222A1547AC007D0CD7 /* CertificateTests.swift */; };
		721DB42D2A16A213007D0CD7 /* TrifleSignedDataTests.swift in Sources */ = {isa = PBXBuildFile; fileRef = 721DB42C2A16A213007D0CD7 /* TrifleSignedDataTests.swift */; };
		72C4797A29F74D5600D40102 /* TrifleCertificateTests.swift in Sources */ = {isa = PBXBuildFile; fileRef = 72C4797929F74D5600D40102 /* TrifleCertificateTests.swift */; };
		72C4797C29F74E7500D40102 /* TestFixtures.swift in Sources */ = {isa = PBXBuildFile; fileRef = 72C4797B29F74E7500D40102 /* TestFixtures.swift */; };
		886D89F3108C3A9A6BF7C421 /* Pods_Trifle_Tests.framework in Frameworks */ = {isa = PBXBuildFile; fileRef = C72A495F71F70549F960896D /* Pods_Trifle_Tests.framework */; };
		B7B81620DA38D31D71E55440 /* Pods_Trifle_Example.framework in Frameworks */ = {isa = PBXBuildFile; fileRef = 1724DDE01C83A2B828629C01 /* Pods_Trifle_Example.framework */; };
		E103FF9B29AD90F5004011C2 /* CertificateDecodableTest.swift in Sources */ = {isa = PBXBuildFile; fileRef = E103FF9A29AD90F5004011C2 /* CertificateDecodableTest.swift */; };
		E10D7FCC299410D0002E6B72 /* DEREncodableTest.swift in Sources */ = {isa = PBXBuildFile; fileRef = E10D7FCB299410D0002E6B72 /* DEREncodableTest.swift */; };
		E158299D29B27DBC0037096B /* Trifle_macOS_DummyApp.swift in Sources */ = {isa = PBXBuildFile; fileRef = E158299C29B27DBC0037096B /* Trifle_macOS_DummyApp.swift */; };
		E158299F29B27DBC0037096B /* ContentView.swift in Sources */ = {isa = PBXBuildFile; fileRef = E158299E29B27DBC0037096B /* ContentView.swift */; };
		E15829A129B27DBC0037096B /* Assets.xcassets in Resources */ = {isa = PBXBuildFile; fileRef = E15829A029B27DBC0037096B /* Assets.xcassets */; };
		E15829A429B27DBC0037096B /* Preview Assets.xcassets in Resources */ = {isa = PBXBuildFile; fileRef = E15829A329B27DBC0037096B /* Preview Assets.xcassets */; };
		E1777ED829A0AE6900E5AC74 /* PKCS10CertificationRequestTests.swift in Sources */ = {isa = PBXBuildFile; fileRef = E1777ED729A0AE6900E5AC74 /* PKCS10CertificationRequestTests.swift */; };
		E17B12F229882D6100063394 /* SecureEnclaveDigitalSignatureKeyManagerTests.swift in Sources */ = {isa = PBXBuildFile; fileRef = E17B12F129882D6100063394 /* SecureEnclaveDigitalSignatureKeyManagerTests.swift */; };
/* End PBXBuildFile section */

/* Begin PBXContainerItemProxy section */
		607FACE61AFB9204008FA782 /* PBXContainerItemProxy */ = {
			isa = PBXContainerItemProxy;
			containerPortal = 607FACC81AFB9204008FA782 /* Project object */;
			proxyType = 1;
			remoteGlobalIDString = 607FACCF1AFB9204008FA782;
			remoteInfo = Trifle;
		};
/* End PBXContainerItemProxy section */

/* Begin PBXFileReference section */
		14D99F6F8B2606DBCF35AE93 /* Pods-Trifle_Example.debug.xcconfig */ = {isa = PBXFileReference; includeInIndex = 1; lastKnownFileType = text.xcconfig; name = "Pods-Trifle_Example.debug.xcconfig"; path = "Target Support Files/Pods-Trifle_Example/Pods-Trifle_Example.debug.xcconfig"; sourceTree = "<group>"; };
		1724DDE01C83A2B828629C01 /* Pods_Trifle_Example.framework */ = {isa = PBXFileReference; explicitFileType = wrapper.framework; includeInIndex = 0; path = Pods_Trifle_Example.framework; sourceTree = BUILT_PRODUCTS_DIR; };
		311CA8E4C45E226E1D9A2466 /* README.md */ = {isa = PBXFileReference; includeInIndex = 1; lastKnownFileType = net.daringfireball.markdown; name = README.md; path = ../README.md; sourceTree = "<group>"; };
		5D1DF3E60C39D8E23C848035 /* Pods-Trifle_macOS_Dummy.release.xcconfig */ = {isa = PBXFileReference; includeInIndex = 1; lastKnownFileType = text.xcconfig; name = "Pods-Trifle_macOS_Dummy.release.xcconfig"; path = "Target Support Files/Pods-Trifle_macOS_Dummy/Pods-Trifle_macOS_Dummy.release.xcconfig"; sourceTree = "<group>"; };
		607FACD01AFB9204008FA782 /* Trifle_Example.app */ = {isa = PBXFileReference; explicitFileType = wrapper.application; includeInIndex = 0; path = Trifle_Example.app; sourceTree = BUILT_PRODUCTS_DIR; };
		607FACD41AFB9204008FA782 /* Info.plist */ = {isa = PBXFileReference; lastKnownFileType = text.plist.xml; path = Info.plist; sourceTree = "<group>"; };
		607FACD51AFB9204008FA782 /* AppDelegate.swift */ = {isa = PBXFileReference; lastKnownFileType = sourcecode.swift; path = AppDelegate.swift; sourceTree = "<group>"; };
		607FACD71AFB9204008FA782 /* ViewController.swift */ = {isa = PBXFileReference; lastKnownFileType = sourcecode.swift; path = ViewController.swift; sourceTree = "<group>"; };
		607FACDA1AFB9204008FA782 /* Base */ = {isa = PBXFileReference; lastKnownFileType = file.storyboard; name = Base; path = Base.lproj/Main.storyboard; sourceTree = "<group>"; };
		607FACDC1AFB9204008FA782 /* Images.xcassets */ = {isa = PBXFileReference; lastKnownFileType = folder.assetcatalog; path = Images.xcassets; sourceTree = "<group>"; };
		607FACDF1AFB9204008FA782 /* Base */ = {isa = PBXFileReference; lastKnownFileType = file.xib; name = Base; path = Base.lproj/LaunchScreen.xib; sourceTree = "<group>"; };
		607FACE51AFB9204008FA782 /* Trifle_Tests.xctest */ = {isa = PBXFileReference; explicitFileType = wrapper.cfbundle; includeInIndex = 0; path = Trifle_Tests.xctest; sourceTree = BUILT_PRODUCTS_DIR; };
		607FACEA1AFB9204008FA782 /* Info.plist */ = {isa = PBXFileReference; lastKnownFileType = text.plist.xml; path = Info.plist; sourceTree = "<group>"; };
		707F6B7E3F3F026A9F64339F /* Pods-Trifle_Tests.debug.xcconfig */ = {isa = PBXFileReference; includeInIndex = 1; lastKnownFileType = text.xcconfig; name = "Pods-Trifle_Tests.debug.xcconfig"; path = "Target Support Files/Pods-Trifle_Tests/Pods-Trifle_Tests.debug.xcconfig"; sourceTree = "<group>"; };
		7218700929B7A2EF001CC552 /* TrifleTests.swift */ = {isa = PBXFileReference; lastKnownFileType = sourcecode.swift; path = TrifleTests.swift; sourceTree = "<group>"; };
		721DB4222A1547AC007D0CD7 /* CertificateTests.swift */ = {isa = PBXFileReference; lastKnownFileType = sourcecode.swift; path = CertificateTests.swift; sourceTree = "<group>"; };
		721DB42C2A16A213007D0CD7 /* TrifleSignedDataTests.swift */ = {isa = PBXFileReference; lastKnownFileType = sourcecode.swift; path = TrifleSignedDataTests.swift; sourceTree = "<group>"; };
		72C4797929F74D5600D40102 /* TrifleCertificateTests.swift */ = {isa = PBXFileReference; lastKnownFileType = sourcecode.swift; path = TrifleCertificateTests.swift; sourceTree = "<group>"; };
		72C4797B29F74E7500D40102 /* TestFixtures.swift */ = {isa = PBXFileReference; lastKnownFileType = sourcecode.swift; path = TestFixtures.swift; sourceTree = "<group>"; };
		867F494829B684153BE2C355 /* LICENSE */ = {isa = PBXFileReference; includeInIndex = 1; lastKnownFileType = text; name = LICENSE; path = ../LICENSE; sourceTree = "<group>"; };
		AB079C97C83A9AF02FE89E90 /* Pods-Trifle_Tests.release.xcconfig */ = {isa = PBXFileReference; includeInIndex = 1; lastKnownFileType = text.xcconfig; name = "Pods-Trifle_Tests.release.xcconfig"; path = "Target Support Files/Pods-Trifle_Tests/Pods-Trifle_Tests.release.xcconfig"; sourceTree = "<group>"; };
		B0075494B7FD4A77B59913B3 /* Pods-Trifle_Example.release.xcconfig */ = {isa = PBXFileReference; includeInIndex = 1; lastKnownFileType = text.xcconfig; name = "Pods-Trifle_Example.release.xcconfig"; path = "Target Support Files/Pods-Trifle_Example/Pods-Trifle_Example.release.xcconfig"; sourceTree = "<group>"; };
		B9892766F650E70A1D9BC557 /* Pods_Trifle_macOS_Dummy.framework */ = {isa = PBXFileReference; explicitFileType = wrapper.framework; includeInIndex = 0; path = Pods_Trifle_macOS_Dummy.framework; sourceTree = BUILT_PRODUCTS_DIR; };
		C72A495F71F70549F960896D /* Pods_Trifle_Tests.framework */ = {isa = PBXFileReference; explicitFileType = wrapper.framework; includeInIndex = 0; path = Pods_Trifle_Tests.framework; sourceTree = BUILT_PRODUCTS_DIR; };
		E1037DEF2AC642280015EAD1 /* Trifle_Example.entitlements */ = {isa = PBXFileReference; lastKnownFileType = text.plist.entitlements; path = Trifle_Example.entitlements; sourceTree = "<group>"; };
		E103FF9A29AD90F5004011C2 /* CertificateDecodableTest.swift */ = {isa = PBXFileReference; lastKnownFileType = sourcecode.swift; path = CertificateDecodableTest.swift; sourceTree = "<group>"; };
		E10D7FCB299410D0002E6B72 /* DEREncodableTest.swift */ = {isa = PBXFileReference; lastKnownFileType = sourcecode.swift; path = DEREncodableTest.swift; sourceTree = "<group>"; };
		E12D7D7E29B71649003D1FB1 /* Trifle.podspec */ = {isa = PBXFileReference; lastKnownFileType = text; name = Trifle.podspec; path = ../../Trifle.podspec; sourceTree = "<group>"; xcLanguageSpecificationIdentifier = xcode.lang.ruby; };
		E158299A29B27DBC0037096B /* Trifle_macOS_Dummy.app */ = {isa = PBXFileReference; explicitFileType = wrapper.application; includeInIndex = 0; path = Trifle_macOS_Dummy.app; sourceTree = BUILT_PRODUCTS_DIR; };
		E158299C29B27DBC0037096B /* Trifle_macOS_DummyApp.swift */ = {isa = PBXFileReference; lastKnownFileType = sourcecode.swift; path = Trifle_macOS_DummyApp.swift; sourceTree = "<group>"; };
		E158299E29B27DBC0037096B /* ContentView.swift */ = {isa = PBXFileReference; lastKnownFileType = sourcecode.swift; path = ContentView.swift; sourceTree = "<group>"; };
		E15829A029B27DBC0037096B /* Assets.xcassets */ = {isa = PBXFileReference; lastKnownFileType = folder.assetcatalog; path = Assets.xcassets; sourceTree = "<group>"; };
		E15829A329B27DBC0037096B /* Preview Assets.xcassets */ = {isa = PBXFileReference; lastKnownFileType = folder.assetcatalog; path = "Preview Assets.xcassets"; sourceTree = "<group>"; };
		E1777ED729A0AE6900E5AC74 /* PKCS10CertificationRequestTests.swift */ = {isa = PBXFileReference; lastKnownFileType = sourcecode.swift; path = PKCS10CertificationRequestTests.swift; sourceTree = "<group>"; };
		E17B12F129882D6100063394 /* SecureEnclaveDigitalSignatureKeyManagerTests.swift */ = {isa = PBXFileReference; fileEncoding = 4; lastKnownFileType = sourcecode.swift; path = SecureEnclaveDigitalSignatureKeyManagerTests.swift; sourceTree = "<group>"; };
		E712027BFE0B4A17086CA56F /* Pods-Trifle_macOS_Dummy.debug.xcconfig */ = {isa = PBXFileReference; includeInIndex = 1; lastKnownFileType = text.xcconfig; name = "Pods-Trifle_macOS_Dummy.debug.xcconfig"; path = "Target Support Files/Pods-Trifle_macOS_Dummy/Pods-Trifle_macOS_Dummy.debug.xcconfig"; sourceTree = "<group>"; };
/* End PBXFileReference section */

/* Begin PBXFrameworksBuildPhase section */
		607FACCD1AFB9204008FA782 /* Frameworks */ = {
			isa = PBXFrameworksBuildPhase;
			buildActionMask = 2147483647;
			files = (
				B7B81620DA38D31D71E55440 /* Pods_Trifle_Example.framework in Frameworks */,
			);
			runOnlyForDeploymentPostprocessing = 0;
		};
		607FACE21AFB9204008FA782 /* Frameworks */ = {
			isa = PBXFrameworksBuildPhase;
			buildActionMask = 2147483647;
			files = (
				886D89F3108C3A9A6BF7C421 /* Pods_Trifle_Tests.framework in Frameworks */,
			);
			runOnlyForDeploymentPostprocessing = 0;
		};
		E158299729B27DBC0037096B /* Frameworks */ = {
			isa = PBXFrameworksBuildPhase;
			buildActionMask = 2147483647;
			files = (
				3B964A28A7DE8D9AC7E754AD /* Pods_Trifle_macOS_Dummy.framework in Frameworks */,
			);
			runOnlyForDeploymentPostprocessing = 0;
		};
/* End PBXFrameworksBuildPhase section */

/* Begin PBXGroup section */
		4841B5CAC1CC6491140E8FD1 /* Frameworks */ = {
			isa = PBXGroup;
			children = (
				1724DDE01C83A2B828629C01 /* Pods_Trifle_Example.framework */,
				C72A495F71F70549F960896D /* Pods_Trifle_Tests.framework */,
				B9892766F650E70A1D9BC557 /* Pods_Trifle_macOS_Dummy.framework */,
			);
			name = Frameworks;
			sourceTree = "<group>";
		};
		607FACC71AFB9204008FA782 = {
			isa = PBXGroup;
			children = (
				E1037DEF2AC642280015EAD1 /* Trifle_Example.entitlements */,
				607FACF51AFB993E008FA782 /* Podspec Metadata */,
				607FACD21AFB9204008FA782 /* Example for Trifle */,
				607FACE81AFB9204008FA782 /* Tests */,
				E158299B29B27DBC0037096B /* Trifle_macOS_Dummy */,
				607FACD11AFB9204008FA782 /* Products */,
				A0C5972D3400F9E96230A3AB /* Pods */,
				4841B5CAC1CC6491140E8FD1 /* Frameworks */,
			);
			sourceTree = "<group>";
		};
		607FACD11AFB9204008FA782 /* Products */ = {
			isa = PBXGroup;
			children = (
				607FACD01AFB9204008FA782 /* Trifle_Example.app */,
				607FACE51AFB9204008FA782 /* Trifle_Tests.xctest */,
				E158299A29B27DBC0037096B /* Trifle_macOS_Dummy.app */,
			);
			name = Products;
			sourceTree = "<group>";
		};
		607FACD21AFB9204008FA782 /* Example for Trifle */ = {
			isa = PBXGroup;
			children = (
				607FACD51AFB9204008FA782 /* AppDelegate.swift */,
				607FACD71AFB9204008FA782 /* ViewController.swift */,
				607FACD91AFB9204008FA782 /* Main.storyboard */,
				607FACDC1AFB9204008FA782 /* Images.xcassets */,
				607FACDE1AFB9204008FA782 /* LaunchScreen.xib */,
				607FACD31AFB9204008FA782 /* Supporting Files */,
			);
			name = "Example for Trifle";
			path = Trifle;
			sourceTree = "<group>";
		};
		607FACD31AFB9204008FA782 /* Supporting Files */ = {
			isa = PBXGroup;
			children = (
				607FACD41AFB9204008FA782 /* Info.plist */,
			);
			name = "Supporting Files";
			sourceTree = "<group>";
		};
		607FACE81AFB9204008FA782 /* Tests */ = {
			isa = PBXGroup;
			children = (
				E103FF9A29AD90F5004011C2 /* CertificateDecodableTest.swift */,
				E10D7FCB299410D0002E6B72 /* DEREncodableTest.swift */,
				E1777ED729A0AE6900E5AC74 /* PKCS10CertificationRequestTests.swift */,
				E17B12F129882D6100063394 /* SecureEnclaveDigitalSignatureKeyManagerTests.swift */,
				721DB4222A1547AC007D0CD7 /* CertificateTests.swift */,
				72C4797929F74D5600D40102 /* TrifleCertificateTests.swift */,
				721DB42C2A16A213007D0CD7 /* TrifleSignedDataTests.swift */,
				7218700929B7A2EF001CC552 /* TrifleTests.swift */,
				607FACE91AFB9204008FA782 /* Supporting Files */,
			);
			path = Tests;
			sourceTree = "<group>";
		};
		607FACE91AFB9204008FA782 /* Supporting Files */ = {
			isa = PBXGroup;
			children = (
				72C4797B29F74E7500D40102 /* TestFixtures.swift */,
				607FACEA1AFB9204008FA782 /* Info.plist */,
			);
			name = "Supporting Files";
			sourceTree = "<group>";
		};
		607FACF51AFB993E008FA782 /* Podspec Metadata */ = {
			isa = PBXGroup;
			children = (
				E12D7D7E29B71649003D1FB1 /* Trifle.podspec */,
				311CA8E4C45E226E1D9A2466 /* README.md */,
				867F494829B684153BE2C355 /* LICENSE */,
			);
			name = "Podspec Metadata";
			sourceTree = "<group>";
		};
		A0C5972D3400F9E96230A3AB /* Pods */ = {
			isa = PBXGroup;
			children = (
				14D99F6F8B2606DBCF35AE93 /* Pods-Trifle_Example.debug.xcconfig */,
				B0075494B7FD4A77B59913B3 /* Pods-Trifle_Example.release.xcconfig */,
				707F6B7E3F3F026A9F64339F /* Pods-Trifle_Tests.debug.xcconfig */,
				AB079C97C83A9AF02FE89E90 /* Pods-Trifle_Tests.release.xcconfig */,
				E712027BFE0B4A17086CA56F /* Pods-Trifle_macOS_Dummy.debug.xcconfig */,
				5D1DF3E60C39D8E23C848035 /* Pods-Trifle_macOS_Dummy.release.xcconfig */,
			);
			path = Pods;
			sourceTree = "<group>";
		};
		E158299B29B27DBC0037096B /* Trifle_macOS_Dummy */ = {
			isa = PBXGroup;
			children = (
				E158299C29B27DBC0037096B /* Trifle_macOS_DummyApp.swift */,
				E158299E29B27DBC0037096B /* ContentView.swift */,
				E15829A029B27DBC0037096B /* Assets.xcassets */,
				E15829A229B27DBC0037096B /* Preview Content */,
			);
			path = Trifle_macOS_Dummy;
			sourceTree = "<group>";
		};
		E15829A229B27DBC0037096B /* Preview Content */ = {
			isa = PBXGroup;
			children = (
				E15829A329B27DBC0037096B /* Preview Assets.xcassets */,
			);
			path = "Preview Content";
			sourceTree = "<group>";
		};
/* End PBXGroup section */

/* Begin PBXNativeTarget section */
		607FACCF1AFB9204008FA782 /* Trifle_Example */ = {
			isa = PBXNativeTarget;
			buildConfigurationList = 607FACEF1AFB9204008FA782 /* Build configuration list for PBXNativeTarget "Trifle_Example" */;
			buildPhases = (
				D51338B2042CAE56BF79539A /* [CP] Check Pods Manifest.lock */,
				607FACCC1AFB9204008FA782 /* Sources */,
				607FACCD1AFB9204008FA782 /* Frameworks */,
				607FACCE1AFB9204008FA782 /* Resources */,
				78B2361225055A1CFDD062B1 /* [CP] Embed Pods Frameworks */,
			);
			buildRules = (
			);
			dependencies = (
			);
			name = Trifle_Example;
			productName = Trifle;
			productReference = 607FACD01AFB9204008FA782 /* Trifle_Example.app */;
			productType = "com.apple.product-type.application";
		};
		607FACE41AFB9204008FA782 /* Trifle_Tests */ = {
			isa = PBXNativeTarget;
			buildConfigurationList = 607FACF21AFB9204008FA782 /* Build configuration list for PBXNativeTarget "Trifle_Tests" */;
			buildPhases = (
				E4B4C7C9CA5453372B3F950C /* [CP] Check Pods Manifest.lock */,
				607FACE11AFB9204008FA782 /* Sources */,
				607FACE21AFB9204008FA782 /* Frameworks */,
				607FACE31AFB9204008FA782 /* Resources */,
			);
			buildRules = (
			);
			dependencies = (
				607FACE71AFB9204008FA782 /* PBXTargetDependency */,
			);
			name = Trifle_Tests;
			productName = Tests;
			productReference = 607FACE51AFB9204008FA782 /* Trifle_Tests.xctest */;
			productType = "com.apple.product-type.bundle.unit-test";
		};
		E158299929B27DBC0037096B /* Trifle_macOS_Dummy */ = {
			isa = PBXNativeTarget;
			buildConfigurationList = E15829C129B27DBC0037096B /* Build configuration list for PBXNativeTarget "Trifle_macOS_Dummy" */;
			buildPhases = (
				546968BAC9016E37A910AA83 /* [CP] Check Pods Manifest.lock */,
				E158299629B27DBC0037096B /* Sources */,
				E158299729B27DBC0037096B /* Frameworks */,
				E158299829B27DBC0037096B /* Resources */,
			);
			buildRules = (
			);
			dependencies = (
			);
			name = Trifle_macOS_Dummy;
			productName = Trifle_macOS_Dummy;
			productReference = E158299A29B27DBC0037096B /* Trifle_macOS_Dummy.app */;
			productType = "com.apple.product-type.application";
		};
/* End PBXNativeTarget section */

/* Begin PBXProject section */
		607FACC81AFB9204008FA782 /* Project object */ = {
			isa = PBXProject;
			attributes = {
				LastSwiftUpdateCheck = 1420;
				LastUpgradeCheck = 0830;
				ORGANIZATIONNAME = CocoaPods;
				TargetAttributes = {
					607FACCF1AFB9204008FA782 = {
						CreatedOnToolsVersion = 6.3.1;
						LastSwiftMigration = 0900;
					};
					607FACE41AFB9204008FA782 = {
						CreatedOnToolsVersion = 6.3.1;
						LastSwiftMigration = 0900;
						TestTargetID = 607FACCF1AFB9204008FA782;
					};
					E158299929B27DBC0037096B = {
						CreatedOnToolsVersion = 14.2;
					};
				};
			};
			buildConfigurationList = 607FACCB1AFB9204008FA782 /* Build configuration list for PBXProject "Trifle" */;
			compatibilityVersion = "Xcode 3.2";
			developmentRegion = English;
			hasScannedForEncodings = 0;
			knownRegions = (
				English,
				en,
				Base,
			);
			mainGroup = 607FACC71AFB9204008FA782;
			productRefGroup = 607FACD11AFB9204008FA782 /* Products */;
			projectDirPath = "";
			projectRoot = "";
			targets = (
				607FACCF1AFB9204008FA782 /* Trifle_Example */,
				607FACE41AFB9204008FA782 /* Trifle_Tests */,
				E158299929B27DBC0037096B /* Trifle_macOS_Dummy */,
			);
		};
/* End PBXProject section */

/* Begin PBXResourcesBuildPhase section */
		607FACCE1AFB9204008FA782 /* Resources */ = {
			isa = PBXResourcesBuildPhase;
			buildActionMask = 2147483647;
			files = (
				607FACDB1AFB9204008FA782 /* Main.storyboard in Resources */,
				607FACE01AFB9204008FA782 /* LaunchScreen.xib in Resources */,
				607FACDD1AFB9204008FA782 /* Images.xcassets in Resources */,
			);
			runOnlyForDeploymentPostprocessing = 0;
		};
		607FACE31AFB9204008FA782 /* Resources */ = {
			isa = PBXResourcesBuildPhase;
			buildActionMask = 2147483647;
			files = (
			);
			runOnlyForDeploymentPostprocessing = 0;
		};
		E158299829B27DBC0037096B /* Resources */ = {
			isa = PBXResourcesBuildPhase;
			buildActionMask = 2147483647;
			files = (
				E15829A429B27DBC0037096B /* Preview Assets.xcassets in Resources */,
				E15829A129B27DBC0037096B /* Assets.xcassets in Resources */,
			);
			runOnlyForDeploymentPostprocessing = 0;
		};
/* End PBXResourcesBuildPhase section */

/* Begin PBXShellScriptBuildPhase section */
		546968BAC9016E37A910AA83 /* [CP] Check Pods Manifest.lock */ = {
			isa = PBXShellScriptBuildPhase;
			buildActionMask = 2147483647;
			files = (
			);
			inputFileListPaths = (
			);
			inputPaths = (
				"${PODS_PODFILE_DIR_PATH}/Podfile.lock",
				"${PODS_ROOT}/Manifest.lock",
			);
			name = "[CP] Check Pods Manifest.lock";
			outputFileListPaths = (
			);
			outputPaths = (
				"$(DERIVED_FILE_DIR)/Pods-Trifle_macOS_Dummy-checkManifestLockResult.txt",
			);
			runOnlyForDeploymentPostprocessing = 0;
			shellPath = /bin/sh;
			shellScript = "diff \"${PODS_PODFILE_DIR_PATH}/Podfile.lock\" \"${PODS_ROOT}/Manifest.lock\" > /dev/null\nif [ $? != 0 ] ; then\n    # print error to STDERR\n    echo \"error: The sandbox is not in sync with the Podfile.lock. Run 'pod install' or update your CocoaPods installation.\" >&2\n    exit 1\nfi\n# This output is used by Xcode 'outputs' to avoid re-running this script phase.\necho \"SUCCESS\" > \"${SCRIPT_OUTPUT_FILE_0}\"\n";
			showEnvVarsInLog = 0;
		};
		78B2361225055A1CFDD062B1 /* [CP] Embed Pods Frameworks */ = {
			isa = PBXShellScriptBuildPhase;
			buildActionMask = 2147483647;
			files = (
			);
			inputPaths = (
				"${PODS_ROOT}/Target Support Files/Pods-Trifle_Example/Pods-Trifle_Example-frameworks.sh",
				"${BUILT_PRODUCTS_DIR}/Trifle/Trifle.framework",
				"${BUILT_PRODUCTS_DIR}/Wire/Wire.framework",
			);
			name = "[CP] Embed Pods Frameworks";
			outputPaths = (
				"${TARGET_BUILD_DIR}/${FRAMEWORKS_FOLDER_PATH}/Trifle.framework",
				"${TARGET_BUILD_DIR}/${FRAMEWORKS_FOLDER_PATH}/Wire.framework",
			);
			runOnlyForDeploymentPostprocessing = 0;
			shellPath = /bin/sh;
			shellScript = "\"${PODS_ROOT}/Target Support Files/Pods-Trifle_Example/Pods-Trifle_Example-frameworks.sh\"\n";
			showEnvVarsInLog = 0;
		};
		D51338B2042CAE56BF79539A /* [CP] Check Pods Manifest.lock */ = {
			isa = PBXShellScriptBuildPhase;
			buildActionMask = 2147483647;
			files = (
			);
			inputFileListPaths = (
			);
			inputPaths = (
				"${PODS_PODFILE_DIR_PATH}/Podfile.lock",
				"${PODS_ROOT}/Manifest.lock",
			);
			name = "[CP] Check Pods Manifest.lock";
			outputFileListPaths = (
			);
			outputPaths = (
				"$(DERIVED_FILE_DIR)/Pods-Trifle_Example-checkManifestLockResult.txt",
			);
			runOnlyForDeploymentPostprocessing = 0;
			shellPath = /bin/sh;
			shellScript = "diff \"${PODS_PODFILE_DIR_PATH}/Podfile.lock\" \"${PODS_ROOT}/Manifest.lock\" > /dev/null\nif [ $? != 0 ] ; then\n    # print error to STDERR\n    echo \"error: The sandbox is not in sync with the Podfile.lock. Run 'pod install' or update your CocoaPods installation.\" >&2\n    exit 1\nfi\n# This output is used by Xcode 'outputs' to avoid re-running this script phase.\necho \"SUCCESS\" > \"${SCRIPT_OUTPUT_FILE_0}\"\n";
			showEnvVarsInLog = 0;
		};
		E4B4C7C9CA5453372B3F950C /* [CP] Check Pods Manifest.lock */ = {
			isa = PBXShellScriptBuildPhase;
			buildActionMask = 2147483647;
			files = (
			);
			inputFileListPaths = (
			);
			inputPaths = (
				"${PODS_PODFILE_DIR_PATH}/Podfile.lock",
				"${PODS_ROOT}/Manifest.lock",
			);
			name = "[CP] Check Pods Manifest.lock";
			outputFileListPaths = (
			);
			outputPaths = (
				"$(DERIVED_FILE_DIR)/Pods-Trifle_Tests-checkManifestLockResult.txt",
			);
			runOnlyForDeploymentPostprocessing = 0;
			shellPath = /bin/sh;
			shellScript = "diff \"${PODS_PODFILE_DIR_PATH}/Podfile.lock\" \"${PODS_ROOT}/Manifest.lock\" > /dev/null\nif [ $? != 0 ] ; then\n    # print error to STDERR\n    echo \"error: The sandbox is not in sync with the Podfile.lock. Run 'pod install' or update your CocoaPods installation.\" >&2\n    exit 1\nfi\n# This output is used by Xcode 'outputs' to avoid re-running this script phase.\necho \"SUCCESS\" > \"${SCRIPT_OUTPUT_FILE_0}\"\n";
			showEnvVarsInLog = 0;
		};
/* End PBXShellScriptBuildPhase section */

/* Begin PBXSourcesBuildPhase section */
		607FACCC1AFB9204008FA782 /* Sources */ = {
			isa = PBXSourcesBuildPhase;
			buildActionMask = 2147483647;
			files = (
				607FACD81AFB9204008FA782 /* ViewController.swift in Sources */,
				607FACD61AFB9204008FA782 /* AppDelegate.swift in Sources */,
			);
			runOnlyForDeploymentPostprocessing = 0;
		};
		607FACE11AFB9204008FA782 /* Sources */ = {
			isa = PBXSourcesBuildPhase;
			buildActionMask = 2147483647;
			files = (
				E10D7FCC299410D0002E6B72 /* DEREncodableTest.swift in Sources */,
				72C4797C29F74E7500D40102 /* TestFixtures.swift in Sources */,
				721DB42D2A16A213007D0CD7 /* TrifleSignedDataTests.swift in Sources */,
				E17B12F229882D6100063394 /* SecureEnclaveDigitalSignatureKeyManagerTests.swift in Sources */,
				E1777ED829A0AE6900E5AC74 /* PKCS10CertificationRequestTests.swift in Sources */,
				E103FF9B29AD90F5004011C2 /* CertificateDecodableTest.swift in Sources */,
				7218700A29B7A2EF001CC552 /* TrifleTests.swift in Sources */,
				72C4797A29F74D5600D40102 /* TrifleCertificateTests.swift in Sources */,
				721DB4232A1547AC007D0CD7 /* CertificateTests.swift in Sources */,
			);
			runOnlyForDeploymentPostprocessing = 0;
		};
		E158299629B27DBC0037096B /* Sources */ = {
			isa = PBXSourcesBuildPhase;
			buildActionMask = 2147483647;
			files = (
				E158299F29B27DBC0037096B /* ContentView.swift in Sources */,
				E158299D29B27DBC0037096B /* Trifle_macOS_DummyApp.swift in Sources */,
			);
			runOnlyForDeploymentPostprocessing = 0;
		};
/* End PBXSourcesBuildPhase section */

/* Begin PBXTargetDependency section */
		607FACE71AFB9204008FA782 /* PBXTargetDependency */ = {
			isa = PBXTargetDependency;
			platformFilter = ios;
			target = 607FACCF1AFB9204008FA782 /* Trifle_Example */;
			targetProxy = 607FACE61AFB9204008FA782 /* PBXContainerItemProxy */;
		};
/* End PBXTargetDependency section */

/* Begin PBXVariantGroup section */
		607FACD91AFB9204008FA782 /* Main.storyboard */ = {
			isa = PBXVariantGroup;
			children = (
				607FACDA1AFB9204008FA782 /* Base */,
			);
			name = Main.storyboard;
			sourceTree = "<group>";
		};
		607FACDE1AFB9204008FA782 /* LaunchScreen.xib */ = {
			isa = PBXVariantGroup;
			children = (
				607FACDF1AFB9204008FA782 /* Base */,
			);
			name = LaunchScreen.xib;
			sourceTree = "<group>";
		};
/* End PBXVariantGroup section */

/* Begin XCBuildConfiguration section */
		607FACED1AFB9204008FA782 /* Debug */ = {
			isa = XCBuildConfiguration;
			buildSettings = {
				ALWAYS_SEARCH_USER_PATHS = NO;
				CLANG_CXX_LANGUAGE_STANDARD = "gnu++0x";
				CLANG_CXX_LIBRARY = "libc++";
				CLANG_ENABLE_MODULES = YES;
				CLANG_ENABLE_OBJC_ARC = YES;
				CLANG_WARN_BLOCK_CAPTURE_AUTORELEASING = YES;
				CLANG_WARN_BOOL_CONVERSION = YES;
				CLANG_WARN_COMMA = YES;
				CLANG_WARN_CONSTANT_CONVERSION = YES;
				CLANG_WARN_DIRECT_OBJC_ISA_USAGE = YES_ERROR;
				CLANG_WARN_EMPTY_BODY = YES;
				CLANG_WARN_ENUM_CONVERSION = YES;
				CLANG_WARN_INFINITE_RECURSION = YES;
				CLANG_WARN_INT_CONVERSION = YES;
				CLANG_WARN_NON_LITERAL_NULL_CONVERSION = YES;
				CLANG_WARN_OBJC_LITERAL_CONVERSION = YES;
				CLANG_WARN_OBJC_ROOT_CLASS = YES_ERROR;
				CLANG_WARN_RANGE_LOOP_ANALYSIS = YES;
				CLANG_WARN_STRICT_PROTOTYPES = YES;
				CLANG_WARN_SUSPICIOUS_MOVE = YES;
				CLANG_WARN_UNREACHABLE_CODE = YES;
				CLANG_WARN__DUPLICATE_METHOD_MATCH = YES;
				"CODE_SIGN_IDENTITY[sdk=iphoneos*]" = "iPhone Developer";
				COPY_PHASE_STRIP = NO;
				DEBUG_INFORMATION_FORMAT = "dwarf-with-dsym";
				ENABLE_STRICT_OBJC_MSGSEND = YES;
				ENABLE_TESTABILITY = YES;
				GCC_C_LANGUAGE_STANDARD = gnu99;
				GCC_DYNAMIC_NO_PIC = NO;
				GCC_NO_COMMON_BLOCKS = YES;
				GCC_OPTIMIZATION_LEVEL = 0;
				GCC_PREPROCESSOR_DEFINITIONS = (
					"DEBUG=1",
					"$(inherited)",
				);
				GCC_SYMBOLS_PRIVATE_EXTERN = NO;
				GCC_WARN_64_TO_32_BIT_CONVERSION = YES;
				GCC_WARN_ABOUT_RETURN_TYPE = YES_ERROR;
				GCC_WARN_UNDECLARED_SELECTOR = YES;
				GCC_WARN_UNINITIALIZED_AUTOS = YES_AGGRESSIVE;
				GCC_WARN_UNUSED_FUNCTION = YES;
				GCC_WARN_UNUSED_VARIABLE = YES;
				IPHONEOS_DEPLOYMENT_TARGET = 14.0;
				MTL_ENABLE_DEBUG_INFO = YES;
				ONLY_ACTIVE_ARCH = YES;
				SDKROOT = iphoneos;
				SWIFT_OPTIMIZATION_LEVEL = "-Onone";
			};
			name = Debug;
		};
		607FACEE1AFB9204008FA782 /* Release */ = {
			isa = XCBuildConfiguration;
			buildSettings = {
				ALWAYS_SEARCH_USER_PATHS = NO;
				CLANG_CXX_LANGUAGE_STANDARD = "gnu++0x";
				CLANG_CXX_LIBRARY = "libc++";
				CLANG_ENABLE_MODULES = YES;
				CLANG_ENABLE_OBJC_ARC = YES;
				CLANG_WARN_BLOCK_CAPTURE_AUTORELEASING = YES;
				CLANG_WARN_BOOL_CONVERSION = YES;
				CLANG_WARN_COMMA = YES;
				CLANG_WARN_CONSTANT_CONVERSION = YES;
				CLANG_WARN_DIRECT_OBJC_ISA_USAGE = YES_ERROR;
				CLANG_WARN_EMPTY_BODY = YES;
				CLANG_WARN_ENUM_CONVERSION = YES;
				CLANG_WARN_INFINITE_RECURSION = YES;
				CLANG_WARN_INT_CONVERSION = YES;
				CLANG_WARN_NON_LITERAL_NULL_CONVERSION = YES;
				CLANG_WARN_OBJC_LITERAL_CONVERSION = YES;
				CLANG_WARN_OBJC_ROOT_CLASS = YES_ERROR;
				CLANG_WARN_RANGE_LOOP_ANALYSIS = YES;
				CLANG_WARN_STRICT_PROTOTYPES = YES;
				CLANG_WARN_SUSPICIOUS_MOVE = YES;
				CLANG_WARN_UNREACHABLE_CODE = YES;
				CLANG_WARN__DUPLICATE_METHOD_MATCH = YES;
				"CODE_SIGN_IDENTITY[sdk=iphoneos*]" = "iPhone Developer";
				COPY_PHASE_STRIP = NO;
				DEBUG_INFORMATION_FORMAT = "dwarf-with-dsym";
				ENABLE_NS_ASSERTIONS = NO;
				ENABLE_STRICT_OBJC_MSGSEND = YES;
				GCC_C_LANGUAGE_STANDARD = gnu99;
				GCC_NO_COMMON_BLOCKS = YES;
				GCC_WARN_64_TO_32_BIT_CONVERSION = YES;
				GCC_WARN_ABOUT_RETURN_TYPE = YES_ERROR;
				GCC_WARN_UNDECLARED_SELECTOR = YES;
				GCC_WARN_UNINITIALIZED_AUTOS = YES_AGGRESSIVE;
				GCC_WARN_UNUSED_FUNCTION = YES;
				GCC_WARN_UNUSED_VARIABLE = YES;
				IPHONEOS_DEPLOYMENT_TARGET = 14.0;
				MTL_ENABLE_DEBUG_INFO = NO;
				SDKROOT = iphoneos;
				SWIFT_COMPILATION_MODE = wholemodule;
				SWIFT_OPTIMIZATION_LEVEL = "-O";
				VALIDATE_PRODUCT = YES;
			};
			name = Release;
		};
		607FACF01AFB9204008FA782 /* Debug */ = {
			isa = XCBuildConfiguration;
			baseConfigurationReference = 14D99F6F8B2606DBCF35AE93 /* Pods-Trifle_Example.debug.xcconfig */;
			buildSettings = {
				ASSETCATALOG_COMPILER_APPICON_NAME = AppIcon;
				CODE_SIGN_ENTITLEMENTS = Trifle_Example.entitlements;
				DEVELOPMENT_TEAM = "";
				INFOPLIST_FILE = Trifle/Info.plist;
				IPHONEOS_DEPLOYMENT_TARGET = 14.0;
				LD_RUNPATH_SEARCH_PATHS = (
					"$(inherited)",
					"@executable_path/Frameworks",
				);
				MODULE_NAME = ExampleApp;
				PRODUCT_BUNDLE_IDENTIFIER = "app.cash.trifle.$(PRODUCT_NAME:rfc1034identifier)";
				PRODUCT_NAME = "$(TARGET_NAME)";
				SWIFT_SWIFT3_OBJC_INFERENCE = Default;
				SWIFT_VERSION = 4.0;
			};
			name = Debug;
		};
		607FACF11AFB9204008FA782 /* Release */ = {
			isa = XCBuildConfiguration;
			baseConfigurationReference = B0075494B7FD4A77B59913B3 /* Pods-Trifle_Example.release.xcconfig */;
			buildSettings = {
				ASSETCATALOG_COMPILER_APPICON_NAME = AppIcon;
				CODE_SIGN_ENTITLEMENTS = Trifle_Example.entitlements;
				DEVELOPMENT_TEAM = "";
				INFOPLIST_FILE = Trifle/Info.plist;
				IPHONEOS_DEPLOYMENT_TARGET = 14.0;
				LD_RUNPATH_SEARCH_PATHS = (
					"$(inherited)",
					"@executable_path/Frameworks",
				);
				MODULE_NAME = ExampleApp;
				PRODUCT_BUNDLE_IDENTIFIER = "app.cash.trifle.$(PRODUCT_NAME:rfc1034identifier)";
				PRODUCT_NAME = "$(TARGET_NAME)";
				SWIFT_SWIFT3_OBJC_INFERENCE = Default;
				SWIFT_VERSION = 4.0;
			};
			name = Release;
		};
		607FACF31AFB9204008FA782 /* Debug */ = {
			isa = XCBuildConfiguration;
			baseConfigurationReference = 707F6B7E3F3F026A9F64339F /* Pods-Trifle_Tests.debug.xcconfig */;
			buildSettings = {
				FRAMEWORK_SEARCH_PATHS = (
					"$(PLATFORM_DIR)/Developer/Library/Frameworks",
					"$(inherited)",
				);
				GCC_PREPROCESSOR_DEFINITIONS = (
					"DEBUG=1",
					"$(inherited)",
				);
				INFOPLIST_FILE = Tests/Info.plist;
				LD_RUNPATH_SEARCH_PATHS = (
					"$(inherited)",
					"@executable_path/Frameworks",
					"@loader_path/Frameworks",
				);
				PRODUCT_BUNDLE_IDENTIFIER = "app.cash.trifle.$(PRODUCT_NAME:rfc1034identifier)";
				PRODUCT_NAME = "$(TARGET_NAME)";
				SUPPORTED_PLATFORMS = "iphoneos iphonesimulator";
				SUPPORTS_MACCATALYST = YES;
				SUPPORTS_MAC_DESIGNED_FOR_IPHONE_IPAD = NO;
				SWIFT_SWIFT3_OBJC_INFERENCE = Default;
				SWIFT_VERSION = 4.0;
				TARGETED_DEVICE_FAMILY = "1,2";
				TEST_HOST = "$(BUILT_PRODUCTS_DIR)/Trifle_Example.app/Trifle_Example";
			};
			name = Debug;
		};
		607FACF41AFB9204008FA782 /* Release */ = {
			isa = XCBuildConfiguration;
			baseConfigurationReference = AB079C97C83A9AF02FE89E90 /* Pods-Trifle_Tests.release.xcconfig */;
			buildSettings = {
				FRAMEWORK_SEARCH_PATHS = (
					"$(PLATFORM_DIR)/Developer/Library/Frameworks",
					"$(inherited)",
				);
				INFOPLIST_FILE = Tests/Info.plist;
				LD_RUNPATH_SEARCH_PATHS = (
					"$(inherited)",
					"@executable_path/Frameworks",
					"@loader_path/Frameworks",
				);
				PRODUCT_BUNDLE_IDENTIFIER = "app.cash.trifle.$(PRODUCT_NAME:rfc1034identifier)";
				PRODUCT_NAME = "$(TARGET_NAME)";
				SUPPORTED_PLATFORMS = "iphoneos iphonesimulator";
				SUPPORTS_MACCATALYST = YES;
				SUPPORTS_MAC_DESIGNED_FOR_IPHONE_IPAD = NO;
				SWIFT_SWIFT3_OBJC_INFERENCE = Default;
				SWIFT_VERSION = 4.0;
				TARGETED_DEVICE_FAMILY = "1,2";
				TEST_HOST = "$(BUILT_PRODUCTS_DIR)/Trifle_Example.app/Trifle_Example";
			};
			name = Release;
		};
		E15829BB29B27DBC0037096B /* Debug */ = {
			isa = XCBuildConfiguration;
			baseConfigurationReference = E712027BFE0B4A17086CA56F /* Pods-Trifle_macOS_Dummy.debug.xcconfig */;
			buildSettings = {
				ASSETCATALOG_COMPILER_APPICON_NAME = AppIcon;
				ASSETCATALOG_COMPILER_GLOBAL_ACCENT_COLOR_NAME = AccentColor;
				CLANG_ANALYZER_NONNULL = YES;
				CLANG_ANALYZER_NUMBER_OBJECT_CONVERSION = YES_AGGRESSIVE;
				CLANG_CXX_LANGUAGE_STANDARD = "gnu++20";
				CLANG_ENABLE_OBJC_WEAK = YES;
				CLANG_WARN_DEPRECATED_OBJC_IMPLEMENTATIONS = YES;
				CLANG_WARN_DOCUMENTATION_COMMENTS = YES;
				CLANG_WARN_OBJC_IMPLICIT_RETAIN_SELF = YES;
				CLANG_WARN_UNGUARDED_AVAILABILITY = YES_AGGRESSIVE;
				CODE_SIGN_STYLE = Automatic;
				CURRENT_PROJECT_VERSION = 1;
				DEBUG_INFORMATION_FORMAT = dwarf;
				DEVELOPMENT_ASSET_PATHS = "\"Trifle_macOS_Dummy/Preview Content\"";
				ENABLE_PREVIEWS = YES;
				GCC_C_LANGUAGE_STANDARD = gnu11;
				GENERATE_INFOPLIST_FILE = YES;
				INFOPLIST_KEY_UIApplicationSceneManifest_Generation = YES;
				INFOPLIST_KEY_UIApplicationSupportsIndirectInputEvents = YES;
				INFOPLIST_KEY_UILaunchScreen_Generation = YES;
				INFOPLIST_KEY_UISupportedInterfaceOrientations_iPad = "UIInterfaceOrientationPortrait UIInterfaceOrientationPortraitUpsideDown UIInterfaceOrientationLandscapeLeft UIInterfaceOrientationLandscapeRight";
				INFOPLIST_KEY_UISupportedInterfaceOrientations_iPhone = "UIInterfaceOrientationPortrait UIInterfaceOrientationLandscapeLeft UIInterfaceOrientationLandscapeRight";
				IPHONEOS_DEPLOYMENT_TARGET = 16.2;
				LD_RUNPATH_SEARCH_PATHS = (
					"$(inherited)",
					"@executable_path/Frameworks",
				);
				MARKETING_VERSION = 1.0;
				MTL_ENABLE_DEBUG_INFO = INCLUDE_SOURCE;
				MTL_FAST_MATH = YES;
				PRODUCT_BUNDLE_IDENTIFIER = "app.cash.trifle.Trifle-macOS-Dummy";
				PRODUCT_NAME = "$(TARGET_NAME)";
				SWIFT_ACTIVE_COMPILATION_CONDITIONS = DEBUG;
				SWIFT_EMIT_LOC_STRINGS = YES;
				SWIFT_VERSION = 5.0;
				TARGETED_DEVICE_FAMILY = "1,2";
			};
			name = Debug;
		};
		E15829BC29B27DBC0037096B /* Release */ = {
			isa = XCBuildConfiguration;
			baseConfigurationReference = 5D1DF3E60C39D8E23C848035 /* Pods-Trifle_macOS_Dummy.release.xcconfig */;
			buildSettings = {
				ASSETCATALOG_COMPILER_APPICON_NAME = AppIcon;
				ASSETCATALOG_COMPILER_GLOBAL_ACCENT_COLOR_NAME = AccentColor;
				CLANG_ANALYZER_NONNULL = YES;
				CLANG_ANALYZER_NUMBER_OBJECT_CONVERSION = YES_AGGRESSIVE;
				CLANG_CXX_LANGUAGE_STANDARD = "gnu++20";
				CLANG_ENABLE_OBJC_WEAK = YES;
				CLANG_WARN_DEPRECATED_OBJC_IMPLEMENTATIONS = YES;
				CLANG_WARN_DOCUMENTATION_COMMENTS = YES;
				CLANG_WARN_OBJC_IMPLICIT_RETAIN_SELF = YES;
				CLANG_WARN_UNGUARDED_AVAILABILITY = YES_AGGRESSIVE;
				CODE_SIGN_STYLE = Automatic;
				CURRENT_PROJECT_VERSION = 1;
				DEVELOPMENT_ASSET_PATHS = "\"Trifle_macOS_Dummy/Preview Content\"";
				ENABLE_PREVIEWS = YES;
				GCC_C_LANGUAGE_STANDARD = gnu11;
				GENERATE_INFOPLIST_FILE = YES;
				INFOPLIST_KEY_UIApplicationSceneManifest_Generation = YES;
				INFOPLIST_KEY_UIApplicationSupportsIndirectInputEvents = YES;
				INFOPLIST_KEY_UILaunchScreen_Generation = YES;
				INFOPLIST_KEY_UISupportedInterfaceOrientations_iPad = "UIInterfaceOrientationPortrait UIInterfaceOrientationPortraitUpsideDown UIInterfaceOrientationLandscapeLeft UIInterfaceOrientationLandscapeRight";
				INFOPLIST_KEY_UISupportedInterfaceOrientations_iPhone = "UIInterfaceOrientationPortrait UIInterfaceOrientationLandscapeLeft UIInterfaceOrientationLandscapeRight";
				IPHONEOS_DEPLOYMENT_TARGET = 16.2;
				LD_RUNPATH_SEARCH_PATHS = (
					"$(inherited)",
					"@executable_path/Frameworks",
				);
				MARKETING_VERSION = 1.0;
				MTL_FAST_MATH = YES;
				PRODUCT_BUNDLE_IDENTIFIER = "app.cash.trifle.Trifle-macOS-Dummy";
				PRODUCT_NAME = "$(TARGET_NAME)";
				SWIFT_EMIT_LOC_STRINGS = YES;
				SWIFT_VERSION = 5.0;
				TARGETED_DEVICE_FAMILY = "1,2";
			};
			name = Release;
		};
/* End XCBuildConfiguration section */

/* Begin XCConfigurationList section */
		607FACCB1AFB9204008FA782 /* Build configuration list for PBXProject "Trifle" */ = {
			isa = XCConfigurationList;
			buildConfigurations = (
				607FACED1AFB9204008FA782 /* Debug */,
				607FACEE1AFB9204008FA782 /* Release */,
			);
			defaultConfigurationIsVisible = 0;
			defaultConfigurationName = Release;
		};
		607FACEF1AFB9204008FA782 /* Build configuration list for PBXNativeTarget "Trifle_Example" */ = {
			isa = XCConfigurationList;
			buildConfigurations = (
				607FACF01AFB9204008FA782 /* Debug */,
				607FACF11AFB9204008FA782 /* Release */,
			);
			defaultConfigurationIsVisible = 0;
			defaultConfigurationName = Release;
		};
		607FACF21AFB9204008FA782 /* Build configuration list for PBXNativeTarget "Trifle_Tests" */ = {
			isa = XCConfigurationList;
			buildConfigurations = (
				607FACF31AFB9204008FA782 /* Debug */,
				607FACF41AFB9204008FA782 /* Release */,
			);
			defaultConfigurationIsVisible = 0;
			defaultConfigurationName = Release;
		};
		E15829C129B27DBC0037096B /* Build configuration list for PBXNativeTarget "Trifle_macOS_Dummy" */ = {
			isa = XCConfigurationList;
			buildConfigurations = (
				E15829BB29B27DBC0037096B /* Debug */,
				E15829BC29B27DBC0037096B /* Release */,
			);
			defaultConfigurationIsVisible = 0;
			defaultConfigurationName = Release;
		};
/* End XCConfigurationList section */
	};
	rootObject = 607FACC81AFB9204008FA782 /* Project object */;
}
