PODS:
  - rapidjson (1.1.0)
  - Tink (1.6.1):
    - rapidjson (~> 1.1.0)
  - Trifle (0.1.2):
    - Tink (~> 1.6.1)
    - Wire (~> 4.5.1)
  - Wire (4.5.1)
  - WireCompiler (4.5.1)

DEPENDENCIES:
  - Trifle (from `../../`)
  - WireCompiler (= 4.5.1)

SPEC REPOS:
  trunk:
    - rapidjson
    - Tink
    - Wire
    - WireCompiler

EXTERNAL SOURCES:
  Trifle:
    :path: "../../"

SPEC CHECKSUMS:
  rapidjson: 926ddeea70d7a0987b6d746cd9fa51f165467cd3
  Tink: 6bc1e1c5381a750ca2ee7e897cc3ee448bfe175d
  Trifle: 0c4da70e1a4cdfd04497c21f0038411216b64bed
  Wire: b07a2ff1c4cd4b71f5ae26771cdd13fc7868c9df
  WireCompiler: 417c2ac583c01de328010738658758556ea92a92

PODFILE CHECKSUM: 4b8d6c2fc4c9668821977302cb1ff5c5891d9920

COCOAPODS: 1.12.0
