PODS:
  - Trifle (0.2.2):
    - Wire (~> 4.5.1)
  - Wire (4.5.1)
  - WireCompiler (4.5.1)

DEPENDENCIES:
  - Trifle (from `../../`)
  - WireCompiler (= 4.5.1)

SPEC REPOS:
  trunk:
    - Wire
    - WireCompiler

EXTERNAL SOURCES:
  Trifle:
    :path: "../../"

SPEC CHECKSUMS:
  Trifle: 1907231873b9d3ebd037197d5bcfb0cb183f5fe3
  Wire: b07a2ff1c4cd4b71f5ae26771cdd13fc7868c9df
  WireCompiler: 417c2ac583c01de328010738658758556ea92a92

PODFILE CHECKSUM: 4b8d6c2fc4c9668821977302cb1ff5c5891d9920

COCOAPODS: 1.12.0
